# This file is generated by running "yarn install" inside your project.
# Manual changes might be lost - proceed with caution!

__metadata:
  version: 4
  cacheKey: 8

"@types/node@npm:^16.6.1":
  version: 16.6.1
  resolution: "@types/node@npm:16.6.1"
  checksum: c13aa0da0c2bf9070e521d1b537ba38f64b213dd1b8aeec66c279fc21f8c0ccaf380364f6dc2ec8f84440c4cd1460b67dfe47de2cafcb6eaf4b648817cb27dc4
  languageName: node
  linkType: hard

"parse-hydration-data@workspace:.":
  version: 0.0.0-use.local
  resolution: "parse-hydration-data@workspace:."
  dependencies:
    "@types/node": ^16.6.1
    typescript: ^4.3.5
    vm2: ^3.9.3
  peerDependencies:
    vm2: ^3.9.3
  peerDependenciesMeta:
    vm2:
      optional: true
  languageName: unknown
  linkType: soft

typescript@^4.3.5:
  version: 4.3.5
  resolution: "typescript@npm:4.3.5"
  bin:
    tsc: bin/tsc
    tsserver: bin/tsserver
  checksum: bab033b5e2b0790dd35b77fd005df976ef80b8d84fd2c6e63cc31808151875beae9216e5a315fe7068e8499905c3c354248fe83272cdfc13b7705635f0c66c97
  languageName: node
  linkType: hard

"typescript@patch:typescript@^4.3.5#~builtin<compat/typescript>":
  version: 4.3.5
  resolution: "typescript@patch:typescript@npm%3A4.3.5#~builtin<compat/typescript>::version=4.3.5&hash=d8b4e7"
  bin:
    tsc: bin/tsc
    tsserver: bin/tsserver
  checksum: bc2c4fdf0f1557fdafe4ef74848c72ebd9c8c60829568248f869121aea2bb20e16649a252431d0acb185ec118143be22bed73d08f64379557810d82756afedde
  languageName: node
  linkType: hard

"vm2@npm:^3.9.3":
  version: 3.9.3
  resolution: "vm2@npm:3.9.3"
  bin:
    vm2: bin/vm2
  checksum: 6367c213b2289c32831a10230dd16f31394c134fe269992071c49b26509c6e6145b379ff435c09cb28af8619c7a9f2f91e080d08d2f9a171b75869f3f34bc6ca
  languageName: node
  linkType: hard
